// !$*UTF8*$!
{
	archiveVersion = 1;
	classes = {
	};
	objectVersion = 50;
	objects = {

/* Begin PBXBuildFile section */
		3132E54520B046D10048F521 /* UpvoterViewController.swift in Sources */ = {isa = PBXBuildFile; fileRef = 3132E54420B046D10048F521 /* UpvoterViewController.swift */; };
		3132E54720B046DD0048F521 /* UpvoterViewModelContract.swift in Sources */ = {isa = PBXBuildFile; fileRef = 3132E54620B046DD0048F521 /* UpvoterViewModelContract.swift */; };
		3132E54920B046E50048F521 /* UpvoterViewModel.swift in Sources */ = {isa = PBXBuildFile; fileRef = 3132E54820B046E50048F521 /* UpvoterViewModel.swift */; };
		31804C5420B041EA0010880F /* AppDelegate.swift in Sources */ = {isa = PBXBuildFile; fileRef = 31804C5320B041EA0010880F /* AppDelegate.swift */; };
		31804C5920B041EA0010880F /* Main.storyboard in Resources */ = {isa = PBXBuildFile; fileRef = 31804C5720B041EA0010880F /* Main.storyboard */; };
		31804C5B20B041EC0010880F /* Assets.xcassets in Resources */ = {isa = PBXBuildFile; fileRef = 31804C5A20B041EC0010880F /* Assets.xcassets */; };
		31804C5E20B041EC0010880F /* LaunchScreen.storyboard in Resources */ = {isa = PBXBuildFile; fileRef = 31804C5C20B041EC0010880F /* LaunchScreen.storyboard */; };
		318C317220B074B800CB518E /* UpvoterCell.swift in Sources */ = {isa = PBXBuildFile; fileRef = 318C317120B074B800CB518E /* UpvoterCell.swift */; };
		318C317520B074F900CB518E /* Topic.swift in Sources */ = {isa = PBXBuildFile; fileRef = 318C317420B074F900CB518E /* Topic.swift */; };
		318C317720B180F000CB518E /* UpvoterViewModelTests.swift in Sources */ = {isa = PBXBuildFile; fileRef = 318C317620B180F000CB518E /* UpvoterViewModelTests.swift */; };
/* End PBXBuildFile section */

/* Begin PBXContainerItemProxy section */
		31804C6520B041EC0010880F /* PBXContainerItemProxy */ = {
			isa = PBXContainerItemProxy;
			containerPortal = 31804C4820B041EA0010880F /* Project object */;
			proxyType = 1;
			remoteGlobalIDString = 31804C4F20B041EA0010880F;
			remoteInfo = Upvoter;
		};
/* End PBXContainerItemProxy section */

/* Begin PBXFileReference section */
		3132E54420B046D10048F521 /* UpvoterViewController.swift */ = {isa = PBXFileReference; lastKnownFileType = sourcecode.swift; path = UpvoterViewController.swift; sourceTree = "<group>"; };
		3132E54620B046DD0048F521 /* UpvoterViewModelContract.swift */ = {isa = PBXFileReference; lastKnownFileType = sourcecode.swift; path = UpvoterViewModelContract.swift; sourceTree = "<group>"; };
		3132E54820B046E50048F521 /* UpvoterViewModel.swift */ = {isa = PBXFileReference; lastKnownFileType = sourcecode.swift; path = UpvoterViewModel.swift; sourceTree = "<group>"; };
		31804C5020B041EA0010880F /* Upvoter.app */ = {isa = PBXFileReference; explicitFileType = wrapper.application; includeInIndex = 0; path = Upvoter.app; sourceTree = BUILT_PRODUCTS_DIR; };
		31804C5320B041EA0010880F /* AppDelegate.swift */ = {isa = PBXFileReference; lastKnownFileType = sourcecode.swift; path = AppDelegate.swift; sourceTree = "<group>"; };
		31804C5820B041EA0010880F /* Base */ = {isa = PBXFileReference; lastKnownFileType = file.storyboard; name = Base; path = Base.lproj/Main.storyboard; sourceTree = "<group>"; };
		31804C5A20B041EC0010880F /* Assets.xcassets */ = {isa = PBXFileReference; lastKnownFileType = folder.assetcatalog; path = Assets.xcassets; sourceTree = "<group>"; };
		31804C5D20B041EC0010880F /* Base */ = {isa = PBXFileReference; lastKnownFileType = file.storyboard; name = Base; path = Base.lproj/LaunchScreen.storyboard; sourceTree = "<group>"; };
		31804C5F20B041EC0010880F /* Info.plist */ = {isa = PBXFileReference; lastKnownFileType = text.plist.xml; path = Info.plist; sourceTree = "<group>"; };
		31804C6420B041EC0010880F /* UpvoterTests.xctest */ = {isa = PBXFileReference; explicitFileType = wrapper.cfbundle; includeInIndex = 0; path = UpvoterTests.xctest; sourceTree = BUILT_PRODUCTS_DIR; };
		31804C6A20B041EC0010880F /* Info.plist */ = {isa = PBXFileReference; lastKnownFileType = text.plist.xml; path = Info.plist; sourceTree = "<group>"; };
		318C317120B074B800CB518E /* UpvoterCell.swift */ = {isa = PBXFileReference; lastKnownFileType = sourcecode.swift; path = UpvoterCell.swift; sourceTree = "<group>"; };
		318C317420B074F900CB518E /* Topic.swift */ = {isa = PBXFileReference; lastKnownFileType = sourcecode.swift; path = Topic.swift; sourceTree = "<group>"; };
		318C317620B180F000CB518E /* UpvoterViewModelTests.swift */ = {isa = PBXFileReference; lastKnownFileType = sourcecode.swift; path = UpvoterViewModelTests.swift; sourceTree = "<group>"; };
/* End PBXFileReference section */

/* Begin PBXFrameworksBuildPhase section */
		31804C4D20B041EA0010880F /* Frameworks */ = {
			isa = PBXFrameworksBuildPhase;
			buildActionMask = 2147483647;
			files = (
			);
			runOnlyForDeploymentPostprocessing = 0;
		};
		31804C6120B041EC0010880F /* Frameworks */ = {
			isa = PBXFrameworksBuildPhase;
			buildActionMask = 2147483647;
			files = (
			);
			runOnlyForDeploymentPostprocessing = 0;
		};
/* End PBXFrameworksBuildPhase section */

/* Begin PBXGroup section */
		3132E54A20B047480048F521 /* UpvoterView */ = {
			isa = PBXGroup;
			children = (
				3132E54420B046D10048F521 /* UpvoterViewController.swift */,
				3132E54620B046DD0048F521 /* UpvoterViewModelContract.swift */,
				3132E54820B046E50048F521 /* UpvoterViewModel.swift */,
				318C317120B074B800CB518E /* UpvoterCell.swift */,
				31804C5720B041EA0010880F /* Main.storyboard */,
			);
			path = UpvoterView;
			sourceTree = "<group>";
		};
		31804C4720B041EA0010880F = {
			isa = PBXGroup;
			children = (
				31804C5220B041EA0010880F /* Upvoter */,
				31804C6720B041EC0010880F /* UpvoterTests */,
				31804C5120B041EA0010880F /* Products */,
			);
			sourceTree = "<group>";
		};
		31804C5120B041EA0010880F /* Products */ = {
			isa = PBXGroup;
			children = (
				31804C5020B041EA0010880F /* Upvoter.app */,
				31804C6420B041EC0010880F /* UpvoterTests.xctest */,
			);
			name = Products;
			sourceTree = "<group>";
		};
		31804C5220B041EA0010880F /* Upvoter */ = {
			isa = PBXGroup;
			children = (
				31804C5320B041EA0010880F /* AppDelegate.swift */,
				3132E54A20B047480048F521 /* UpvoterView */,
				318C317320B074E300CB518E /* Model */,
				31804C5A20B041EC0010880F /* Assets.xcassets */,
				31804C5C20B041EC0010880F /* LaunchScreen.storyboard */,
				31804C5F20B041EC0010880F /* Info.plist */,
			);
			path = Upvoter;
			sourceTree = "<group>";
		};
		31804C6720B041EC0010880F /* UpvoterTests */ = {
			isa = PBXGroup;
			children = (
				318C317620B180F000CB518E /* UpvoterViewModelTests.swift */,
				31804C6A20B041EC0010880F /* Info.plist */,
			);
			path = UpvoterTests;
			sourceTree = "<group>";
		};
		318C317320B074E300CB518E /* Model */ = {
			isa = PBXGroup;
			children = (
				318C317420B074F900CB518E /* Topic.swift */,
			);
			path = Model;
			sourceTree = "<group>";
		};
/* End PBXGroup section */

/* Begin PBXNativeTarget section */
		31804C4F20B041EA0010880F /* Upvoter */ = {
			isa = PBXNativeTarget;
			buildConfigurationList = 31804C6D20B041EC0010880F /* Build configuration list for PBXNativeTarget "Upvoter" */;
			buildPhases = (
				31804C4C20B041EA0010880F /* Sources */,
				31804C4D20B041EA0010880F /* Frameworks */,
				31804C4E20B041EA0010880F /* Resources */,
			);
			buildRules = (
			);
			dependencies = (
			);
			name = Upvoter;
			productName = Upvoter;
			productReference = 31804C5020B041EA0010880F /* Upvoter.app */;
			productType = "com.apple.product-type.application";
		};
		31804C6320B041EC0010880F /* UpvoterTests */ = {
			isa = PBXNativeTarget;
			buildConfigurationList = 31804C7020B041EC0010880F /* Build configuration list for PBXNativeTarget "UpvoterTests" */;
			buildPhases = (
				31804C6020B041EC0010880F /* Sources */,
				31804C6120B041EC0010880F /* Frameworks */,
				31804C6220B041EC0010880F /* Resources */,
			);
			buildRules = (
			);
			dependencies = (
				31804C6620B041EC0010880F /* PBXTargetDependency */,
			);
			name = UpvoterTests;
			productName = UpvoterTests;
			productReference = 31804C6420B041EC0010880F /* UpvoterTests.xctest */;
			productType = "com.apple.product-type.bundle.unit-test";
		};
/* End PBXNativeTarget section */

/* Begin PBXProject section */
		31804C4820B041EA0010880F /* Project object */ = {
			isa = PBXProject;
			attributes = {
				LastSwiftUpdateCheck = 0930;
				LastUpgradeCheck = 0930;
				ORGANIZATIONNAME = nikhil;
				TargetAttributes = {
					31804C4F20B041EA0010880F = {
						CreatedOnToolsVersion = 9.3.1;
					};
					31804C6320B041EC0010880F = {
						CreatedOnToolsVersion = 9.3.1;
						LastSwiftMigration = 0930;
						TestTargetID = 31804C4F20B041EA0010880F;
					};
				};
			};
			buildConfigurationList = 31804C4B20B041EA0010880F /* Build configuration list for PBXProject "Upvoter" */;
			compatibilityVersion = "Xcode 9.3";
			developmentRegion = en;
			hasScannedForEncodings = 0;
			knownRegions = (
				en,
				Base,
			);
			mainGroup = 31804C4720B041EA0010880F;
			productRefGroup = 31804C5120B041EA0010880F /* Products */;
			projectDirPath = "";
			projectRoot = "";
			targets = (
				31804C4F20B041EA0010880F /* Upvoter */,
				31804C6320B041EC0010880F /* UpvoterTests */,
			);
		};
/* End PBXProject section */

/* Begin PBXResourcesBuildPhase section */
		31804C4E20B041EA0010880F /* Resources */ = {
			isa = PBXResourcesBuildPhase;
			buildActionMask = 2147483647;
			files = (
				31804C5E20B041EC0010880F /* LaunchScreen.storyboard in Resources */,
				31804C5B20B041EC0010880F /* Assets.xcassets in Resources */,
				31804C5920B041EA0010880F /* Main.storyboard in Resources */,
			);
			runOnlyForDeploymentPostprocessing = 0;
		};
		31804C6220B041EC0010880F /* Resources */ = {
			isa = PBXResourcesBuildPhase;
			buildActionMask = 2147483647;
			files = (
			);
			runOnlyForDeploymentPostprocessing = 0;
		};
/* End PBXResourcesBuildPhase section */

/* Begin PBXSourcesBuildPhase section */
		31804C4C20B041EA0010880F /* Sources */ = {
			isa = PBXSourcesBuildPhase;
			buildActionMask = 2147483647;
			files = (
				318C317220B074B800CB518E /* UpvoterCell.swift in Sources */,
				318C317520B074F900CB518E /* Topic.swift in Sources */,
				3132E54520B046D10048F521 /* UpvoterViewController.swift in Sources */,
				31804C5420B041EA0010880F /* AppDelegate.swift in Sources */,
				3132E54920B046E50048F521 /* UpvoterViewModel.swift in Sources */,
				3132E54720B046DD0048F521 /* UpvoterViewModelContract.swift in Sources */,
			);
			runOnlyForDeploymentPostprocessing = 0;
		};
		31804C6020B041EC0010880F /* Sources */ = {
			isa = PBXSourcesBuildPhase;
			buildActionMask = 2147483647;
			files = (
				318C317720B180F000CB518E /* UpvoterViewModelTests.swift in Sources */,
			);
			runOnlyForDeploymentPostprocessing = 0;
		};
/* End PBXSourcesBuildPhase section */

/* Begin PBXTargetDependency section */
		31804C6620B041EC0010880F /* PBXTargetDependency */ = {
			isa = PBXTargetDependency;
			target = 31804C4F20B041EA0010880F /* Upvoter */;
			targetProxy = 31804C6520B041EC0010880F /* PBXContainerItemProxy */;
		};
/* End PBXTargetDependency section */

/* Begin PBXVariantGroup section */
		31804C5720B041EA0010880F /* Main.storyboard */ = {
			isa = PBXVariantGroup;
			children = (
				31804C5820B041EA0010880F /* Base */,
			);
			name = Main.storyboard;
			sourceTree = "<group>";
		};
		31804C5C20B041EC0010880F /* LaunchScreen.storyboard */ = {
			isa = PBXVariantGroup;
			children = (
				31804C5D20B041EC0010880F /* Base */,
			);
			name = LaunchScreen.storyboard;
			sourceTree = "<group>";
		};
/* End PBXVariantGroup section */

/* Begin XCBuildConfiguration section */
		31804C6B20B041EC0010880F /* Debug */ = {
			isa = XCBuildConfiguration;
			buildSettings = {
				ALWAYS_SEARCH_USER_PATHS = NO;
				CLANG_ANALYZER_NONNULL = YES;
				CLANG_ANALYZER_NUMBER_OBJECT_CONVERSION = YES_AGGRESSIVE;
				CLANG_CXX_LANGUAGE_STANDARD = "gnu++14";
				CLANG_CXX_LIBRARY = "libc++";
				CLANG_ENABLE_MODULES = YES;
				CLANG_ENABLE_OBJC_ARC = YES;
				CLANG_ENABLE_OBJC_WEAK = YES;
				CLANG_WARN_BLOCK_CAPTURE_AUTORELEASING = YES;
				CLANG_WARN_BOOL_CONVERSION = YES;
				CLANG_WARN_COMMA = YES;
				CLANG_WARN_CONSTANT_CONVERSION = YES;
				CLANG_WARN_DEPRECATED_OBJC_IMPLEMENTATIONS = YES;
				CLANG_WARN_DIRECT_OBJC_ISA_USAGE = YES_ERROR;
				CLANG_WARN_DOCUMENTATION_COMMENTS = YES;
				CLANG_WARN_EMPTY_BODY = YES;
				CLANG_WARN_ENUM_CONVERSION = YES;
				CLANG_WARN_INFINITE_RECURSION = YES;
				CLANG_WARN_INT_CONVERSION = YES;
				CLANG_WARN_NON_LITERAL_NULL_CONVERSION = YES;
				CLANG_WARN_OBJC_IMPLICIT_RETAIN_SELF = YES;
				CLANG_WARN_OBJC_LITERAL_CONVERSION = YES;
				CLANG_WARN_OBJC_ROOT_CLASS = YES_ERROR;
				CLANG_WARN_RANGE_LOOP_ANALYSIS = YES;
				CLANG_WARN_STRICT_PROTOTYPES = YES;
				CLANG_WARN_SUSPICIOUS_MOVE = YES;
				CLANG_WARN_UNGUARDED_AVAILABILITY = YES_AGGRESSIVE;
				CLANG_WARN_UNREACHABLE_CODE = YES;
				CLANG_WARN__DUPLICATE_METHOD_MATCH = YES;
				CODE_SIGN_IDENTITY = "iPhone Developer";
				COPY_PHASE_STRIP = NO;
				DEBUG_INFORMATION_FORMAT = dwarf;
				ENABLE_STRICT_OBJC_MSGSEND = YES;
				ENABLE_TESTABILITY = YES;
				GCC_C_LANGUAGE_STANDARD = gnu11;
				GCC_DYNAMIC_NO_PIC = NO;
				GCC_NO_COMMON_BLOCKS = YES;
				GCC_OPTIMIZATION_LEVEL = 0;
				GCC_PREPROCESSOR_DEFINITIONS = (
					"DEBUG=1",
					"$(inherited)",
				);
				GCC_WARN_64_TO_32_BIT_CONVERSION = YES;
				GCC_WARN_ABOUT_RETURN_TYPE = YES_ERROR;
				GCC_WARN_UNDECLARED_SELECTOR = YES;
				GCC_WARN_UNINITIALIZED_AUTOS = YES_AGGRESSIVE;
				GCC_WARN_UNUSED_FUNCTION = YES;
				GCC_WARN_UNUSED_VARIABLE = YES;
				IPHONEOS_DEPLOYMENT_TARGET = 11.3;
				MTL_ENABLE_DEBUG_INFO = YES;
				ONLY_ACTIVE_ARCH = YES;
				SDKROOT = iphoneos;
				SWIFT_ACTIVE_COMPILATION_CONDITIONS = DEBUG;
				SWIFT_OPTIMIZATION_LEVEL = "-Onone";
			};
			name = Debug;
		};
		31804C6C20B041EC0010880F /* Release */ = {
			isa = XCBuildConfiguration;
			buildSettings = {
				ALWAYS_SEARCH_USER_PATHS = NO;
				CLANG_ANALYZER_NONNULL = YES;
				CLANG_ANALYZER_NUMBER_OBJECT_CONVERSION = YES_AGGRESSIVE;
				CLANG_CXX_LANGUAGE_STANDARD = "gnu++14";
				CLANG_CXX_LIBRARY = "libc++";
				CLANG_ENABLE_MODULES = YES;
				CLANG_ENABLE_OBJC_ARC = YES;
				CLANG_ENABLE_OBJC_WEAK = YES;
				CLANG_WARN_BLOCK_CAPTURE_AUTORELEASING = YES;
				CLANG_WARN_BOOL_CONVERSION = YES;
				CLANG_WARN_COMMA = YES;
				CLANG_WARN_CONSTANT_CONVERSION = YES;
				CLANG_WARN_DEPRECATED_OBJC_IMPLEMENTATIONS = YES;
				CLANG_WARN_DIRECT_OBJC_ISA_USAGE = YES_ERROR;
				CLANG_WARN_DOCUMENTATION_COMMENTS = YES;
				CLANG_WARN_EMPTY_BODY = YES;
				CLANG_WARN_ENUM_CONVERSION = YES;
				CLANG_WARN_INFINITE_RECURSION = YES;
				CLANG_WARN_INT_CONVERSION = YES;
				CLANG_WARN_NON_LITERAL_NULL_CONVERSION = YES;
				CLANG_WARN_OBJC_IMPLICIT_RETAIN_SELF = YES;
				CLANG_WARN_OBJC_LITERAL_CONVERSION = YES;
				CLANG_WARN_OBJC_ROOT_CLASS = YES_ERROR;
				CLANG_WARN_RANGE_LOOP_ANALYSIS = YES;
				CLANG_WARN_STRICT_PROTOTYPES = YES;
				CLANG_WARN_SUSPICIOUS_MOVE = YES;
				CLANG_WARN_UNGUARDED_AVAILABILITY = YES_AGGRESSIVE;
				CLANG_WARN_UNREACHABLE_CODE = YES;
				CLANG_WARN__DUPLICATE_METHOD_MATCH = YES;
				CODE_SIGN_IDENTITY = "iPhone Developer";
				COPY_PHASE_STRIP = NO;
				DEBUG_INFORMATION_FORMAT = "dwarf-with-dsym";
				ENABLE_NS_ASSERTIONS = NO;
				ENABLE_STRICT_OBJC_MSGSEND = YES;
				GCC_C_LANGUAGE_STANDARD = gnu11;
				GCC_NO_COMMON_BLOCKS = YES;
				GCC_WARN_64_TO_32_BIT_CONVERSION = YES;
				GCC_WARN_ABOUT_RETURN_TYPE = YES_ERROR;
				GCC_WARN_UNDECLARED_SELECTOR = YES;
				GCC_WARN_UNINITIALIZED_AUTOS = YES_AGGRESSIVE;
				GCC_WARN_UNUSED_FUNCTION = YES;
				GCC_WARN_UNUSED_VARIABLE = YES;
				IPHONEOS_DEPLOYMENT_TARGET = 11.3;
				MTL_ENABLE_DEBUG_INFO = NO;
				SDKROOT = iphoneos;
				SWIFT_COMPILATION_MODE = wholemodule;
				SWIFT_OPTIMIZATION_LEVEL = "-O";
				VALIDATE_PRODUCT = YES;
			};
			name = Release;
		};
		31804C6E20B041EC0010880F /* Debug */ = {
			isa = XCBuildConfiguration;
			buildSettings = {
				ASSETCATALOG_COMPILER_APPICON_NAME = AppIcon;
				CODE_SIGN_STYLE = Automatic;
				DEVELOPMENT_TEAM = EHW7L3679R;
				INFOPLIST_FILE = Upvoter/Info.plist;
				LD_RUNPATH_SEARCH_PATHS = (
					"$(inherited)",
					"@executable_path/Frameworks",
				);
				PRODUCT_BUNDLE_IDENTIFIER = sh.nikhil.Upvoter;
				PRODUCT_NAME = "$(TARGET_NAME)";
				SWIFT_VERSION = 4.0;
				TARGETED_DEVICE_FAMILY = "1,2";
			};
			name = Debug;
		};
		31804C6F20B041EC0010880F /* Release */ = {
			isa = XCBuildConfiguration;
			buildSettings = {
				ASSETCATALOG_COMPILER_APPICON_NAME = AppIcon;
				CODE_SIGN_STYLE = Automatic;
				DEVELOPMENT_TEAM = EHW7L3679R;
				INFOPLIST_FILE = Upvoter/Info.plist;
				LD_RUNPATH_SEARCH_PATHS = (
					"$(inherited)",
					"@executable_path/Frameworks",
				);
				PRODUCT_BUNDLE_IDENTIFIER = sh.nikhil.Upvoter;
				PRODUCT_NAME = "$(TARGET_NAME)";
				SWIFT_VERSION = 4.0;
				TARGETED_DEVICE_FAMILY = "1,2";
			};
			name = Release;
		};
		31804C7120B041EC0010880F /* Debug */ = {
			isa = XCBuildConfiguration;
			buildSettings = {
				ALWAYS_EMBED_SWIFT_STANDARD_LIBRARIES = YES;
				BUNDLE_LOADER = "$(TEST_HOST)";
				CLANG_ENABLE_MODULES = YES;
				CODE_SIGN_STYLE = Automatic;
				DEVELOPMENT_TEAM = EHW7L3679R;
				INFOPLIST_FILE = UpvoterTests/Info.plist;
				LD_RUNPATH_SEARCH_PATHS = (
					"$(inherited)",
					"@executable_path/Frameworks",
					"@loader_path/Frameworks",
				);
				PRODUCT_BUNDLE_IDENTIFIER = sh.nikhil.UpvoterTests;
				PRODUCT_NAME = "$(TARGET_NAME)";
				SWIFT_OPTIMIZATION_LEVEL = "-Onone";
				SWIFT_VERSION = 4.0;
				TARGETED_DEVICE_FAMILY = "1,2";
				TEST_HOST = "$(BUILT_PRODUCTS_DIR)/Upvoter.app/Upvoter";
			};
			name = Debug;
		};
		31804C7220B041EC0010880F /* Release */ = {
			isa = XCBuildConfiguration;
			buildSettings = {
				ALWAYS_EMBED_SWIFT_STANDARD_LIBRARIES = YES;
				BUNDLE_LOADER = "$(TEST_HOST)";
				CLANG_ENABLE_MODULES = YES;
				CODE_SIGN_STYLE = Automatic;
				DEVELOPMENT_TEAM = EHW7L3679R;
				INFOPLIST_FILE = UpvoterTests/Info.plist;
				LD_RUNPATH_SEARCH_PATHS = (
					"$(inherited)",
					"@executable_path/Frameworks",
					"@loader_path/Frameworks",
				);
				PRODUCT_BUNDLE_IDENTIFIER = sh.nikhil.UpvoterTests;
				PRODUCT_NAME = "$(TARGET_NAME)";
				SWIFT_VERSION = 4.0;
				TARGETED_DEVICE_FAMILY = "1,2";
				TEST_HOST = "$(BUILT_PRODUCTS_DIR)/Upvoter.app/Upvoter";
			};
			name = Release;
		};
/* End XCBuildConfiguration section */

/* Begin XCConfigurationList section */
		31804C4B20B041EA0010880F /* Build configuration list for PBXProject "Upvoter" */ = {
			isa = XCConfigurationList;
			buildConfigurations = (
				31804C6B20B041EC0010880F /* Debug */,
				31804C6C20B041EC0010880F /* Release */,
			);
			defaultConfigurationIsVisible = 0;
			defaultConfigurationName = Release;
		};
		31804C6D20B041EC0010880F /* Build configuration list for PBXNativeTarget "Upvoter" */ = {
			isa = XCConfigurationList;
			buildConfigurations = (
				31804C6E20B041EC0010880F /* Debug */,
				31804C6F20B041EC0010880F /* Release */,
			);
			defaultConfigurationIsVisible = 0;
			defaultConfigurationName = Release;
		};
		31804C7020B041EC0010880F /* Build configuration list for PBXNativeTarget "UpvoterTests" */ = {
			isa = XCConfigurationList;
			buildConfigurations = (
				31804C7120B041EC0010880F /* Debug */,
				31804C7220B041EC0010880F /* Release */,
			);
			defaultConfigurationIsVisible = 0;
			defaultConfigurationName = Release;
		};
/* End XCConfigurationList section */
	};
	rootObject = 31804C4820B041EA0010880F /* Project object */;
}
